
Microsoft Visual Studio Solution File, Format Version 12.00
# Visual Studio Version 17
VisualStudioVersion = 17.4.33213.308
MinimumVisualStudioVersion = 10.0.40219.1
Project("{FAE04EC0-301F-11D3-BF4B-00C04F79EFBC}") = "EJTree", "EJTree\EJTree.csproj", "{E2005021-9E35-40D6-9F97-3836B7C13943}"
EndProject
Project("{FAE04EC0-301F-11D3-BF4B-00C04F79EFBC}") = "Config", "Config\Config.csproj", "{4FFE393F-94BF-42C7-9C96-A941660F5733}"
EndProject
Project("{FAE04EC0-301F-11D3-BF4B-00C04F79EFBC}") = "Test", "Test\Test.csproj", "{48E4938C-F87F-4568-889E-7847F2ECAC91}"
EndProject
Project("{FAE04EC0-301F-11D3-BF4B-00C04F79EFBC}") = "Common", "Common\Common.csproj", "{E15C6466-C2AF-4E81-9557-D733C73CD34B}"
EndProject
Project("{FAE04EC0-301F-11D3-BF4B-00C04F79EFBC}") = "Logger", "Logger\Logger.csproj", "{A3912D2C-E174-47B6-93FA-26CFC5ABBC00}"
EndProject
Project("{FAE04EC0-301F-11D3-BF4B-00C04F79EFBC}") = "UnitTest", "UnitTest\UnitTest.csproj", "{25E72FED-9E27-4598-9872-24F7110E8446}"
EndProject
Global
	GlobalSection(SolutionConfigurationPlatforms) = preSolution
		Debug|Any CPU = Debug|Any CPU
		Release|Any CPU = Release|Any CPU
	EndGlobalSection
	GlobalSection(ProjectConfigurationPlatforms) = postSolution
		{E2005021-9E35-40D6-9F97-3836B7C13943}.Debug|Any CPU.ActiveCfg = Debug|Any CPU
		{E2005021-9E35-40D6-9F97-3836B7C13943}.Debug|Any CPU.Build.0 = Debug|Any CPU
		{E2005021-9E35-40D6-9F97-3836B7C13943}.Release|Any CPU.ActiveCfg = Release|Any CPU
		{E2005021-9E35-40D6-9F97-3836B7C13943}.Release|Any CPU.Build.0 = Release|Any CPU
		{4FFE393F-94BF-42C7-9C96-A941660F5733}.Debug|Any CPU.ActiveCfg = Debug|Any CPU
		{4FFE393F-94BF-42C7-9C96-A941660F5733}.Debug|Any CPU.Build.0 = Debug|Any CPU
		{4FFE393F-94BF-42C7-9C96-A941660F5733}.Release|Any CPU.ActiveCfg = Release|Any CPU
		{4FFE393F-94BF-42C7-9C96-A941660F5733}.Release|Any CPU.Build.0 = Release|Any CPU
		{48E4938C-F87F-4568-889E-7847F2ECAC91}.Debug|Any CPU.ActiveCfg = Debug|Any CPU
		{48E4938C-F87F-4568-889E-7847F2ECAC91}.Debug|Any CPU.Build.0 = Debug|Any CPU
		{48E4938C-F87F-4568-889E-7847F2ECAC91}.Release|Any CPU.ActiveCfg = Release|Any CPU
		{48E4938C-F87F-4568-889E-7847F2ECAC91}.Release|Any CPU.Build.0 = Release|Any CPU
		{E15C6466-C2AF-4E81-9557-D733C73CD34B}.Debug|Any CPU.ActiveCfg = Debug|Any CPU
		{E15C6466-C2AF-4E81-9557-D733C73CD34B}.Debug|Any CPU.Build.0 = Debug|Any CPU
		{E15C6466-C2AF-4E81-9557-D733C73CD34B}.Release|Any CPU.ActiveCfg = Release|Any CPU
		{E15C6466-C2AF-4E81-9557-D733C73CD34B}.Release|Any CPU.Build.0 = Release|Any CPU
		{A3912D2C-E174-47B6-93FA-26CFC5ABBC00}.Debug|Any CPU.ActiveCfg = Debug|Any CPU
		{A3912D2C-E174-47B6-93FA-26CFC5ABBC00}.Debug|Any CPU.Build.0 = Debug|Any CPU
		{A3912D2C-E174-47B6-93FA-26CFC5ABBC00}.Release|Any CPU.ActiveCfg = Release|Any CPU
		{A3912D2C-E174-47B6-93FA-26CFC5ABBC00}.Release|Any CPU.Build.0 = Release|Any CPU
		{25E72FED-9E27-4598-9872-24F7110E8446}.Debug|Any CPU.ActiveCfg = Debug|Any CPU
		{25E72FED-9E27-4598-9872-24F7110E8446}.Debug|Any CPU.Build.0 = Debug|Any CPU
		{25E72FED-9E27-4598-9872-24F7110E8446}.Release|Any CPU.ActiveCfg = Release|Any CPU
		{25E72FED-9E27-4598-9872-24F7110E8446}.Release|Any CPU.Build.0 = Release|Any CPU
	EndGlobalSection
	GlobalSection(SolutionProperties) = preSolution
		HideSolutionNode = FALSE
	EndGlobalSection
	GlobalSection(ExtensibilityGlobals) = postSolution
		SolutionGuid = {B04A9A64-303E-44CA-9E63-26C5AC8FE29A}
	EndGlobalSection
EndGlobal
